
Microsoft Visual Studio Solution File, Format Version 12.00
# Visual Studio Version 16
VisualStudioVersion = 16.0.29424.173
MinimumVisualStudioVersion = 10.0.40219.1
Project("{FAE04EC0-301F-11D3-BF4B-00C04F79EFBC}") = "Prob1", "Prob1\Prob1.csproj", "{2A3F3D3D-DB9A-41ED-AB77-A4B53FCDD18E}"
EndProject
Project("{FAE04EC0-301F-11D3-BF4B-00C04F79EFBC}") = "Prob2", "Prob2\Prob2.csproj", "{346284C1-269C-4B4C-9CB0-0FB9D8D4BB84}"
EndProject
Global
	GlobalSection(SolutionConfigurationPlatforms) = preSolution
		Debug|Any CPU = Debug|Any CPU
		Release|Any CPU = Release|Any CPU
	EndGlobalSection
	GlobalSection(ProjectConfigurationPlatforms) = postSolution
		{2A3F3D3D-DB9A-41ED-AB77-A4B53FCDD18E}.Debug|Any CPU.ActiveCfg = Debug|Any CPU
		{2A3F3D3D-DB9A-41ED-AB77-A4B53FCDD18E}.Debug|Any CPU.Build.0 = Debug|Any CPU
		{2A3F3D3D-DB9A-41ED-AB77-A4B53FCDD18E}.Release|Any CPU.ActiveCfg = Release|Any CPU
		{2A3F3D3D-DB9A-41ED-AB77-A4B53FCDD18E}.Release|Any CPU.Build.0 = Release|Any CPU
		{346284C1-269C-4B4C-9CB0-0FB9D8D4BB84}.Debug|Any CPU.ActiveCfg = Debug|Any CPU
		{346284C1-269C-4B4C-9CB0-0FB9D8D4BB84}.Debug|Any CPU.Build.0 = Debug|Any CPU
		{346284C1-269C-4B4C-9CB0-0FB9D8D4BB84}.Release|Any CPU.ActiveCfg = Release|Any CPU
		{346284C1-269C-4B4C-9CB0-0FB9D8D4BB84}.Release|Any CPU.Build.0 = Release|Any CPU
	EndGlobalSection
	GlobalSection(SolutionProperties) = preSolution
		HideSolutionNode = FALSE
	EndGlobalSection
	GlobalSection(ExtensibilityGlobals) = postSolution
		SolutionGuid = {16859D2E-E68A-4E51-8BDA-1A4EF61FD635}
	EndGlobalSection
EndGlobal
